
Microsoft Visual Studio Solution File, Format Version 12.00
# Visual Studio Version 16
VisualStudioVersion = 16.0.30413.136
MinimumVisualStudioVersion = 10.0.40219.1
Project("{FAE04EC0-301F-11D3-BF4B-00C04F79EFBC}") = "WebTest", "WebTest\WebTest.csproj", "{F869099D-C8CD-478A-B0AB-6F741CF59DC9}"
EndProject
Global
	GlobalSection(SolutionConfigurationPlatforms) = preSolution
		Debug|Any CPU = Debug|Any CPU
		Release|Any CPU = Release|Any CPU
	EndGlobalSection
	GlobalSection(ProjectConfigurationPlatforms) = postSolution
		{F869099D-C8CD-478A-B0AB-6F741CF59DC9}.Debug|Any CPU.ActiveCfg = Debug|Any CPU
		{F869099D-C8CD-478A-B0AB-6F741CF59DC9}.Debug|Any CPU.Build.0 = Debug|Any CPU
		{F869099D-C8CD-478A-B0AB-6F741CF59DC9}.Release|Any CPU.ActiveCfg = Release|Any CPU
		{F869099D-C8CD-478A-B0AB-6F741CF59DC9}.Release|Any CPU.Build.0 = Release|Any CPU
	EndGlobalSection
	GlobalSection(SolutionProperties) = preSolution
		HideSolutionNode = FALSE
	EndGlobalSection
	GlobalSection(ExtensibilityGlobals) = postSolution
		SolutionGuid = {9E027C1A-F18B-476C-B300-EC046C74DA2A}
	EndGlobalSection
EndGlobal
